// !$*UTF8*$!
{
	archiveVersion = 1;
	classes = {
	};
	objectVersion = 46;
	objects = {

/* Begin PBXBuildFile section */
		029194891C54E78E00A2AC42 /* main.cpp in Sources */ = {isa = PBXBuildFile; fileRef = 029194881C54E78E00A2AC42 /* main.cpp */; };
		029194901C55105600A2AC42 /* example1.cpp in Sources */ = {isa = PBXBuildFile; fileRef = 0291948F1C55105600A2AC42 /* example1.cpp */; };
/* End PBXBuildFile section */

/* Begin PBXCopyFilesBuildPhase section */
		029194831C54E78E00A2AC42 /* CopyFiles */ = {
			isa = PBXCopyFilesBuildPhase;
			buildActionMask = 2147483647;
			dstPath = /usr/share/man/man1/;
			dstSubfolderSpec = 0;
			files = (
			);
			runOnlyForDeploymentPostprocessing = 1;
		};
/* End PBXCopyFilesBuildPhase section */

/* Begin PBXFileReference section */
		029194851C54E78E00A2AC42 /* exicese */ = {isa = PBXFileReference; explicitFileType = "compiled.mach-o.executable"; includeInIndex = 0; path = exicese; sourceTree = BUILT_PRODUCTS_DIR; };
		029194881C54E78E00A2AC42 /* main.cpp */ = {isa = PBXFileReference; lastKnownFileType = sourcecode.cpp.cpp; path = main.cpp; sourceTree = "<group>"; };
		0291948F1C55105600A2AC42 /* example1.cpp */ = {isa = PBXFileReference; fileEncoding = 4; lastKnownFileType = sourcecode.cpp.cpp; path = example1.cpp; sourceTree = "<group>"; };
		029194911C5510C500A2AC42 /* mainhead.h */ = {isa = PBXFileReference; fileEncoding = 4; lastKnownFileType = sourcecode.c.h; path = mainhead.h; sourceTree = "<group>"; };
/* End PBXFileReference section */

/* Begin PBXFrameworksBuildPhase section */
		029194821C54E78E00A2AC42 /* Frameworks */ = {
			isa = PBXFrameworksBuildPhase;
			buildActionMask = 2147483647;
			files = (
			);
			runOnlyForDeploymentPostprocessing = 0;
		};
/* End PBXFrameworksBuildPhase section */

/* Begin PBXGroup section */
		0291947C1C54E78E00A2AC42 = {
			isa = PBXGroup;
			children = (
				029194871C54E78E00A2AC42 /* exicese */,
				029194861C54E78E00A2AC42 /* Products */,
			);
			sourceTree = "<group>";
		};
		029194861C54E78E00A2AC42 /* Products */ = {
			isa = PBXGroup;
			children = (
				029194851C54E78E00A2AC42 /* exicese */,
			);
			name = Products;
			sourceTree = "<group>";
		};
		029194871C54E78E00A2AC42 /* exicese */ = {
			isa = PBXGroup;
			children = (
				029194881C54E78E00A2AC42 /* main.cpp */,
				0291948F1C55105600A2AC42 /* example1.cpp */,
				029194911C5510C500A2AC42 /* mainhead.h */,
			);
			path = exicese;
			sourceTree = "<group>";
		};
/* End PBXGroup section */

/* Begin PBXNativeTarget section */
		029194841C54E78E00A2AC42 /* exicese */ = {
			isa = PBXNativeTarget;
			buildConfigurationList = 0291948C1C54E78E00A2AC42 /* Build configuration list for PBXNativeTarget "exicese" */;
			buildPhases = (
				029194811C54E78E00A2AC42 /* Sources */,
				029194821C54E78E00A2AC42 /* Frameworks */,
				029194831C54E78E00A2AC42 /* CopyFiles */,
			);
			buildRules = (
			);
			dependencies = (
			);
			name = exicese;
			productName = exicese;
			productReference = 029194851C54E78E00A2AC42 /* exicese */;
			productType = "com.apple.product-type.tool";
		};
/* End PBXNativeTarget section */

/* Begin PBXProject section */
		0291947D1C54E78E00A2AC42 /* Project object */ = {
			isa = PBXProject;
			attributes = {
				LastUpgradeCheck = 0720;
				ORGANIZATIONNAME = hitwh;
				TargetAttributes = {
					029194841C54E78E00A2AC42 = {
						CreatedOnToolsVersion = 7.2;
					};
				};
			};
			buildConfigurationList = 029194801C54E78E00A2AC42 /* Build configuration list for PBXProject "exicese" */;
			compatibilityVersion = "Xcode 3.2";
			developmentRegion = English;
			hasScannedForEncodings = 0;
			knownRegions = (
				en,
			);
			mainGroup = 0291947C1C54E78E00A2AC42;
			productRefGroup = 029194861C54E78E00A2AC42 /* Products */;
			projectDirPath = "";
			projectRoot = "";
			targets = (
				029194841C54E78E00A2AC42 /* exicese */,
			);
		};
/* End PBXProject section */

/* Begin PBXSourcesBuildPhase section */
		029194811C54E78E00A2AC42 /* Sources */ = {
			isa = PBXSourcesBuildPhase;
			buildActionMask = 2147483647;
			files = (
				029194901C55105600A2AC42 /* example1.cpp in Sources */,
				029194891C54E78E00A2AC42 /* main.cpp in Sources */,
			);
			runOnlyForDeploymentPostprocessing = 0;
		};
/* End PBXSourcesBuildPhase section */

/* Begin XCBuildConfiguration section */
		0291948A1C54E78E00A2AC42 /* Debug */ = {
			isa = XCBuildConfiguration;
			buildSettings = {
				ALWAYS_SEARCH_USER_PATHS = NO;
				CLANG_CXX_LANGUAGE_STANDARD = "gnu++0x";
				CLANG_CXX_LIBRARY = "libc++";
				CLANG_ENABLE_MODULES = YES;
				CLANG_ENABLE_OBJC_ARC = YES;
				CLANG_WARN_BOOL_CONVERSION = YES;
				CLANG_WARN_CONSTANT_CONVERSION = YES;
				CLANG_WARN_DIRECT_OBJC_ISA_USAGE = YES_ERROR;
				CLANG_WARN_EMPTY_BODY = YES;
				CLANG_WARN_ENUM_CONVERSION = YES;
				CLANG_WARN_INT_CONVERSION = YES;
				CLANG_WARN_OBJC_ROOT_CLASS = YES_ERROR;
				CLANG_WARN_UNREACHABLE_CODE = YES;
				CLANG_WARN__DUPLICATE_METHOD_MATCH = YES;
				CODE_SIGN_IDENTITY = "-";
				COPY_PHASE_STRIP = NO;
				DEBUG_INFORMATION_FORMAT = dwarf;
				ENABLE_STRICT_OBJC_MSGSEND = YES;
				ENABLE_TESTABILITY = YES;
				GCC_C_LANGUAGE_STANDARD = gnu99;
				GCC_DYNAMIC_NO_PIC = NO;
				GCC_NO_COMMON_BLOCKS = YES;
				GCC_OPTIMIZATION_LEVEL = 0;
				GCC_PREPROCESSOR_DEFINITIONS = (
					"DEBUG=1",
					"$(inherited)",
				);
				GCC_WARN_64_TO_32_BIT_CONVERSION = YES;
				GCC_WARN_ABOUT_RETURN_TYPE = YES_ERROR;
				GCC_WARN_UNDECLARED_SELECTOR = YES;
				GCC_WARN_UNINITIALIZED_AUTOS = YES_AGGRESSIVE;
				GCC_WARN_UNUSED_FUNCTION = YES;
				GCC_WARN_UNUSED_VARIABLE = YES;
				MACOSX_DEPLOYMENT_TARGET = 10.11;
				MTL_ENABLE_DEBUG_INFO = YES;
				ONLY_ACTIVE_ARCH = YES;
				SDKROOT = macosx;
			};
			name = Debug;
		};
		0291948B1C54E78E00A2AC42 /* Release */ = {
			isa = XCBuildConfiguration;
			buildSettings = {
				ALWAYS_SEARCH_USER_PATHS = NO;
				CLANG_CXX_LANGUAGE_STANDARD = "gnu++0x";
				CLANG_CXX_LIBRARY = "libc++";
				CLANG_ENABLE_MODULES = YES;
				CLANG_ENABLE_OBJC_ARC = YES;
				CLANG_WARN_BOOL_CONVERSION = YES;
				CLANG_WARN_CONSTANT_CONVERSION = YES;
				CLANG_WARN_DIRECT_OBJC_ISA_USAGE = YES_ERROR;
				CLANG_WARN_EMPTY_BODY = YES;
				CLANG_WARN_ENUM_CONVERSION = YES;
				CLANG_WARN_INT_CONVERSION = YES;
				CLANG_WARN_OBJC_ROOT_CLASS = YES_ERROR;
				CLANG_WARN_UNREACHABLE_CODE = YES;
				CLANG_WARN__DUPLICATE_METHOD_MATCH = YES;
				CODE_SIGN_IDENTITY = "-";
				COPY_PHASE_STRIP = NO;
				DEBUG_INFORMATION_FORMAT = "dwarf-with-dsym";
				ENABLE_NS_ASSERTIONS = NO;
				ENABLE_STRICT_OBJC_MSGSEND = YES;
				GCC_C_LANGUAGE_STANDARD = gnu99;
				GCC_NO_COMMON_BLOCKS = YES;
				GCC_WARN_64_TO_32_BIT_CONVERSION = YES;
				GCC_WARN_ABOUT_RETURN_TYPE = YES_ERROR;
				GCC_WARN_UNDECLARED_SELECTOR = YES;
				GCC_WARN_UNINITIALIZED_AUTOS = YES_AGGRESSIVE;
				GCC_WARN_UNUSED_FUNCTION = YES;
				GCC_WARN_UNUSED_VARIABLE = YES;
				MACOSX_DEPLOYMENT_TARGET = 10.11;
				MTL_ENABLE_DEBUG_INFO = NO;
				SDKROOT = macosx;
			};
			name = Release;
		};
		0291948D1C54E78E00A2AC42 /* Debug */ = {
			isa = XCBuildConfiguration;
			buildSettings = {
				PRODUCT_NAME = "$(TARGET_NAME)";
			};
			name = Debug;
		};
		0291948E1C54E78E00A2AC42 /* Release */ = {
			isa = XCBuildConfiguration;
			buildSettings = {
				PRODUCT_NAME = "$(TARGET_NAME)";
			};
			name = Release;
		};
/* End XCBuildConfiguration section */

/* Begin XCConfigurationList section */
		029194801C54E78E00A2AC42 /* Build configuration list for PBXProject "exicese" */ = {
			isa = XCConfigurationList;
			buildConfigurations = (
				0291948A1C54E78E00A2AC42 /* Debug */,
				0291948B1C54E78E00A2AC42 /* Release */,
			);
			defaultConfigurationIsVisible = 0;
			defaultConfigurationName = Release;
		};
		0291948C1C54E78E00A2AC42 /* Build configuration list for PBXNativeTarget "exicese" */ = {
			isa = XCConfigurationList;
			buildConfigurations = (
				0291948D1C54E78E00A2AC42 /* Debug */,
				0291948E1C54E78E00A2AC42 /* Release */,
			);
			defaultConfigurationIsVisible = 0;
		};
/* End XCConfigurationList section */
	};
	rootObject = 0291947D1C54E78E00A2AC42 /* Project object */;
}
